
Microsoft Visual Studio Solution File, Format Version 12.00
# Visual Studio Version 16
VisualStudioVersion = 16.0.31019.35
MinimumVisualStudioVersion = 10.0.40219.1
Project("{9A19103F-16F7-4668-BE54-9A1E7A4F7556}") = "Eng.Shared", "Eng.Shared\Eng.Shared.csproj", "{76F69138-570D-4A92-8ABD-EFF13F03C6D7}"
EndProject
Project("{9A19103F-16F7-4668-BE54-9A1E7A4F7556}") = "Eng.Data", "Eng.Data\Eng.Data.csproj", "{1A80CEED-1A72-46E4-9374-F8D860D74D07}"
EndProject
Project("{9A19103F-16F7-4668-BE54-9A1E7A4F7556}") = "Eng.Api", "Eng.Api\Eng.Api.csproj", "{21E06770-B1A4-4CD0-A079-9B306951030A}"
EndProject
Project("{9A19103F-16F7-4668-BE54-9A1E7A4F7556}") = "Eng.Domain", "Eng.Domain\Eng.Domain.csproj", "{615F13C4-8D39-488D-954D-A4D85F2C8D4D}"
EndProject
Project("{2150E333-8FDC-42A3-9474-1A3956D46DE8}") = "1-Api", "1-Api", "{6A73D155-8A54-4A05-907D-065C26C25D1B}"
EndProject
Project("{2150E333-8FDC-42A3-9474-1A3956D46DE8}") = "2-Service", "2-Service", "{BC6164B6-8493-4C20-90C5-30BDF25A5163}"
EndProject
Project("{2150E333-8FDC-42A3-9474-1A3956D46DE8}") = "3-Data", "3-Data", "{2A8C6218-EC35-4E0C-BBFC-9C45E9F79CFD}"
EndProject
Project("{2150E333-8FDC-42A3-9474-1A3956D46DE8}") = "4-Shared", "4-Shared", "{B6DB01BC-EAEE-4CAF-A71F-F0D656ABC4A1}"
EndProject
Project("{9A19103F-16F7-4668-BE54-9A1E7A4F7556}") = "Eng.Service", "Eng.Service\Eng.Service.csproj", "{A0F454D1-734A-4348-BF38-79FE2F09576F}"
EndProject
Project("{2150E333-8FDC-42A3-9474-1A3956D46DE8}") = "5-Test", "5-Test", "{A81CD638-CCC6-42C7-94BD-F587B36A27BF}"
EndProject
Project("{FAE04EC0-301F-11D3-BF4B-00C04F79EFBC}") = "ApiTest", "Eng.Test\ApiTest\ApiTest.csproj", "{F0E53DAC-6CD3-4442-A9A0-82A590119921}"
EndProject
Project("{FAE04EC0-301F-11D3-BF4B-00C04F79EFBC}") = "ServiceTest", "Eng.Test\ServiceTest\ServiceTest.csproj", "{A25F46AC-D102-42F6-BDC2-22140E8026AA}"
EndProject
Project("{FAE04EC0-301F-11D3-BF4B-00C04F79EFBC}") = "DataTest", "Eng.Test\DataTest\DataTest.csproj", "{FCC6CBD5-3509-4F1D-890A-9B721EA774C5}"
EndProject
Project("{FAE04EC0-301F-11D3-BF4B-00C04F79EFBC}") = "MockSupport", "Eng.Test\MockSupport\MockSupport.csproj", "{D8C7FA01-4384-4BBE-A95E-A3CC31A3A86B}"
EndProject
Global
	GlobalSection(SolutionConfigurationPlatforms) = preSolution
		Debug|Any CPU = Debug|Any CPU
		Release|Any CPU = Release|Any CPU
	EndGlobalSection
	GlobalSection(ProjectConfigurationPlatforms) = postSolution
		{76F69138-570D-4A92-8ABD-EFF13F03C6D7}.Debug|Any CPU.ActiveCfg = Debug|Any CPU
		{76F69138-570D-4A92-8ABD-EFF13F03C6D7}.Debug|Any CPU.Build.0 = Debug|Any CPU
		{76F69138-570D-4A92-8ABD-EFF13F03C6D7}.Release|Any CPU.ActiveCfg = Release|Any CPU
		{76F69138-570D-4A92-8ABD-EFF13F03C6D7}.Release|Any CPU.Build.0 = Release|Any CPU
		{1A80CEED-1A72-46E4-9374-F8D860D74D07}.Debug|Any CPU.ActiveCfg = Debug|Any CPU
		{1A80CEED-1A72-46E4-9374-F8D860D74D07}.Debug|Any CPU.Build.0 = Debug|Any CPU
		{1A80CEED-1A72-46E4-9374-F8D860D74D07}.Release|Any CPU.ActiveCfg = Release|Any CPU
		{1A80CEED-1A72-46E4-9374-F8D860D74D07}.Release|Any CPU.Build.0 = Release|Any CPU
		{21E06770-B1A4-4CD0-A079-9B306951030A}.Debug|Any CPU.ActiveCfg = Debug|Any CPU
		{21E06770-B1A4-4CD0-A079-9B306951030A}.Debug|Any CPU.Build.0 = Debug|Any CPU
		{21E06770-B1A4-4CD0-A079-9B306951030A}.Release|Any CPU.ActiveCfg = Release|Any CPU
		{21E06770-B1A4-4CD0-A079-9B306951030A}.Release|Any CPU.Build.0 = Release|Any CPU
		{615F13C4-8D39-488D-954D-A4D85F2C8D4D}.Debug|Any CPU.ActiveCfg = Debug|Any CPU
		{615F13C4-8D39-488D-954D-A4D85F2C8D4D}.Debug|Any CPU.Build.0 = Debug|Any CPU
		{615F13C4-8D39-488D-954D-A4D85F2C8D4D}.Release|Any CPU.ActiveCfg = Release|Any CPU
		{615F13C4-8D39-488D-954D-A4D85F2C8D4D}.Release|Any CPU.Build.0 = Release|Any CPU
		{A0F454D1-734A-4348-BF38-79FE2F09576F}.Debug|Any CPU.ActiveCfg = Debug|Any CPU
		{A0F454D1-734A-4348-BF38-79FE2F09576F}.Debug|Any CPU.Build.0 = Debug|Any CPU
		{A0F454D1-734A-4348-BF38-79FE2F09576F}.Release|Any CPU.ActiveCfg = Release|Any CPU
		{A0F454D1-734A-4348-BF38-79FE2F09576F}.Release|Any CPU.Build.0 = Release|Any CPU
		{F0E53DAC-6CD3-4442-A9A0-82A590119921}.Debug|Any CPU.ActiveCfg = Debug|Any CPU
		{F0E53DAC-6CD3-4442-A9A0-82A590119921}.Debug|Any CPU.Build.0 = Debug|Any CPU
		{F0E53DAC-6CD3-4442-A9A0-82A590119921}.Release|Any CPU.ActiveCfg = Release|Any CPU
		{F0E53DAC-6CD3-4442-A9A0-82A590119921}.Release|Any CPU.Build.0 = Release|Any CPU
		{A25F46AC-D102-42F6-BDC2-22140E8026AA}.Debug|Any CPU.ActiveCfg = Debug|Any CPU
		{A25F46AC-D102-42F6-BDC2-22140E8026AA}.Debug|Any CPU.Build.0 = Debug|Any CPU
		{A25F46AC-D102-42F6-BDC2-22140E8026AA}.Release|Any CPU.ActiveCfg = Release|Any CPU
		{A25F46AC-D102-42F6-BDC2-22140E8026AA}.Release|Any CPU.Build.0 = Release|Any CPU
		{FCC6CBD5-3509-4F1D-890A-9B721EA774C5}.Debug|Any CPU.ActiveCfg = Debug|Any CPU
		{FCC6CBD5-3509-4F1D-890A-9B721EA774C5}.Debug|Any CPU.Build.0 = Debug|Any CPU
		{FCC6CBD5-3509-4F1D-890A-9B721EA774C5}.Release|Any CPU.ActiveCfg = Release|Any CPU
		{FCC6CBD5-3509-4F1D-890A-9B721EA774C5}.Release|Any CPU.Build.0 = Release|Any CPU
		{D8C7FA01-4384-4BBE-A95E-A3CC31A3A86B}.Debug|Any CPU.ActiveCfg = Debug|Any CPU
		{D8C7FA01-4384-4BBE-A95E-A3CC31A3A86B}.Debug|Any CPU.Build.0 = Debug|Any CPU
		{D8C7FA01-4384-4BBE-A95E-A3CC31A3A86B}.Release|Any CPU.ActiveCfg = Release|Any CPU
		{D8C7FA01-4384-4BBE-A95E-A3CC31A3A86B}.Release|Any CPU.Build.0 = Release|Any CPU
	EndGlobalSection
	GlobalSection(SolutionProperties) = preSolution
		HideSolutionNode = FALSE
	EndGlobalSection
	GlobalSection(NestedProjects) = preSolution
		{76F69138-570D-4A92-8ABD-EFF13F03C6D7} = {B6DB01BC-EAEE-4CAF-A71F-F0D656ABC4A1}
		{1A80CEED-1A72-46E4-9374-F8D860D74D07} = {2A8C6218-EC35-4E0C-BBFC-9C45E9F79CFD}
		{21E06770-B1A4-4CD0-A079-9B306951030A} = {6A73D155-8A54-4A05-907D-065C26C25D1B}
		{615F13C4-8D39-488D-954D-A4D85F2C8D4D} = {2A8C6218-EC35-4E0C-BBFC-9C45E9F79CFD}
		{A0F454D1-734A-4348-BF38-79FE2F09576F} = {BC6164B6-8493-4C20-90C5-30BDF25A5163}
		{F0E53DAC-6CD3-4442-A9A0-82A590119921} = {A81CD638-CCC6-42C7-94BD-F587B36A27BF}
		{A25F46AC-D102-42F6-BDC2-22140E8026AA} = {A81CD638-CCC6-42C7-94BD-F587B36A27BF}
		{FCC6CBD5-3509-4F1D-890A-9B721EA774C5} = {A81CD638-CCC6-42C7-94BD-F587B36A27BF}
		{D8C7FA01-4384-4BBE-A95E-A3CC31A3A86B} = {A81CD638-CCC6-42C7-94BD-F587B36A27BF}
	EndGlobalSection
	GlobalSection(ExtensibilityGlobals) = postSolution
		SolutionGuid = {47EB5251-E2E0-4BD4-8525-085BC079E257}
	EndGlobalSection
EndGlobal
